// !$*UTF8*$!
{
	archiveVersion = 1;
	classes = {
	};
	objectVersion = 46;
	objects = {

/* Begin PBXBuildFile section */
		491440811BB65F9300E391F0 /* AppDelegate.swift in Sources */ = {isa = PBXBuildFile; fileRef = 491440801BB65F9300E391F0 /* AppDelegate.swift */; };
		491440831BB65F9300E391F0 /* RootViewController.swift in Sources */ = {isa = PBXBuildFile; fileRef = 491440821BB65F9300E391F0 /* RootViewController.swift */; };
		491440851BB65F9300E391F0 /* DataViewController.swift in Sources */ = {isa = PBXBuildFile; fileRef = 491440841BB65F9300E391F0 /* DataViewController.swift */; };
		491440871BB65F9300E391F0 /* ModelController.swift in Sources */ = {isa = PBXBuildFile; fileRef = 491440861BB65F9300E391F0 /* ModelController.swift */; };
		4914408A1BB65F9300E391F0 /* Main.storyboard in Resources */ = {isa = PBXBuildFile; fileRef = 491440881BB65F9300E391F0 /* Main.storyboard */; };
		4914408C1BB65F9300E391F0 /* Images.xcassets in Resources */ = {isa = PBXBuildFile; fileRef = 4914408B1BB65F9300E391F0 /* Images.xcassets */; };
		4914408F1BB65F9300E391F0 /* LaunchScreen.xib in Resources */ = {isa = PBXBuildFile; fileRef = 4914408D1BB65F9300E391F0 /* LaunchScreen.xib */; };
		4914409B1BB65F9300E391F0 /* ConfluxTests.swift in Sources */ = {isa = PBXBuildFile; fileRef = 4914409A1BB65F9300E391F0 /* ConfluxTests.swift */; };
/* End PBXBuildFile section */

/* Begin PBXContainerItemProxy section */
		491440951BB65F9300E391F0 /* PBXContainerItemProxy */ = {
			isa = PBXContainerItemProxy;
			containerPortal = 491440731BB65F9300E391F0 /* Project object */;
			proxyType = 1;
			remoteGlobalIDString = 4914407A1BB65F9300E391F0;
			remoteInfo = Conflux;
		};
/* End PBXContainerItemProxy section */

/* Begin PBXFileReference section */
		4914407B1BB65F9300E391F0 /* Conflux.app */ = {isa = PBXFileReference; explicitFileType = wrapper.application; includeInIndex = 0; path = Conflux.app; sourceTree = BUILT_PRODUCTS_DIR; };
		4914407F1BB65F9300E391F0 /* Info.plist */ = {isa = PBXFileReference; lastKnownFileType = text.plist.xml; path = Info.plist; sourceTree = "<group>"; };
		491440801BB65F9300E391F0 /* AppDelegate.swift */ = {isa = PBXFileReference; lastKnownFileType = sourcecode.swift; path = AppDelegate.swift; sourceTree = "<group>"; };
		491440821BB65F9300E391F0 /* RootViewController.swift */ = {isa = PBXFileReference; lastKnownFileType = sourcecode.swift; path = RootViewController.swift; sourceTree = "<group>"; };
		491440841BB65F9300E391F0 /* DataViewController.swift */ = {isa = PBXFileReference; lastKnownFileType = sourcecode.swift; path = DataViewController.swift; sourceTree = "<group>"; };
		491440861BB65F9300E391F0 /* ModelController.swift */ = {isa = PBXFileReference; lastKnownFileType = sourcecode.swift; path = ModelController.swift; sourceTree = "<group>"; };
		491440891BB65F9300E391F0 /* Base */ = {isa = PBXFileReference; lastKnownFileType = file.storyboard; name = Base; path = Base.lproj/Main.storyboard; sourceTree = "<group>"; };
		4914408B1BB65F9300E391F0 /* Images.xcassets */ = {isa = PBXFileReference; lastKnownFileType = folder.assetcatalog; path = Images.xcassets; sourceTree = "<group>"; };
		4914408E1BB65F9300E391F0 /* Base */ = {isa = PBXFileReference; lastKnownFileType = file.xib; name = Base; path = Base.lproj/LaunchScreen.xib; sourceTree = "<group>"; };
		491440941BB65F9300E391F0 /* ConfluxTests.xctest */ = {isa = PBXFileReference; explicitFileType = wrapper.cfbundle; includeInIndex = 0; path = ConfluxTests.xctest; sourceTree = BUILT_PRODUCTS_DIR; };
		491440991BB65F9300E391F0 /* Info.plist */ = {isa = PBXFileReference; lastKnownFileType = text.plist.xml; path = Info.plist; sourceTree = "<group>"; };
		4914409A1BB65F9300E391F0 /* ConfluxTests.swift */ = {isa = PBXFileReference; lastKnownFileType = sourcecode.swift; path = ConfluxTests.swift; sourceTree = "<group>"; };
/* End PBXFileReference section */

/* Begin PBXFrameworksBuildPhase section */
		491440781BB65F9300E391F0 /* Frameworks */ = {
			isa = PBXFrameworksBuildPhase;
			buildActionMask = 2147483647;
			files = (
			);
			runOnlyForDeploymentPostprocessing = 0;
		};
		491440911BB65F9300E391F0 /* Frameworks */ = {
			isa = PBXFrameworksBuildPhase;
			buildActionMask = 2147483647;
			files = (
			);
			runOnlyForDeploymentPostprocessing = 0;
		};
/* End PBXFrameworksBuildPhase section */

/* Begin PBXGroup section */
		491440721BB65F9300E391F0 = {
			isa = PBXGroup;
			children = (
				4914407D1BB65F9300E391F0 /* Conflux */,
				491440971BB65F9300E391F0 /* ConfluxTests */,
				4914407C1BB65F9300E391F0 /* Products */,
			);
			sourceTree = "<group>";
		};
		4914407C1BB65F9300E391F0 /* Products */ = {
			isa = PBXGroup;
			children = (
				4914407B1BB65F9300E391F0 /* Conflux.app */,
				491440941BB65F9300E391F0 /* ConfluxTests.xctest */,
			);
			name = Products;
			sourceTree = "<group>";
		};
		4914407D1BB65F9300E391F0 /* Conflux */ = {
			isa = PBXGroup;
			children = (
				491440801BB65F9300E391F0 /* AppDelegate.swift */,
				491440821BB65F9300E391F0 /* RootViewController.swift */,
				491440841BB65F9300E391F0 /* DataViewController.swift */,
				491440861BB65F9300E391F0 /* ModelController.swift */,
				491440881BB65F9300E391F0 /* Main.storyboard */,
				4914408B1BB65F9300E391F0 /* Images.xcassets */,
				4914408D1BB65F9300E391F0 /* LaunchScreen.xib */,
				4914407E1BB65F9300E391F0 /* Supporting Files */,
			);
			path = Conflux;
			sourceTree = "<group>";
		};
		4914407E1BB65F9300E391F0 /* Supporting Files */ = {
			isa = PBXGroup;
			children = (
				4914407F1BB65F9300E391F0 /* Info.plist */,
			);
			name = "Supporting Files";
			sourceTree = "<group>";
		};
		491440971BB65F9300E391F0 /* ConfluxTests */ = {
			isa = PBXGroup;
			children = (
				4914409A1BB65F9300E391F0 /* ConfluxTests.swift */,
				491440981BB65F9300E391F0 /* Supporting Files */,
			);
			path = ConfluxTests;
			sourceTree = "<group>";
		};
		491440981BB65F9300E391F0 /* Supporting Files */ = {
			isa = PBXGroup;
			children = (
				491440991BB65F9300E391F0 /* Info.plist */,
			);
			name = "Supporting Files";
			sourceTree = "<group>";
		};
/* End PBXGroup section */

/* Begin PBXNativeTarget section */
		4914407A1BB65F9300E391F0 /* Conflux */ = {
			isa = PBXNativeTarget;
			buildConfigurationList = 4914409E1BB65F9300E391F0 /* Build configuration list for PBXNativeTarget "Conflux" */;
			buildPhases = (
				491440771BB65F9300E391F0 /* Sources */,
				491440781BB65F9300E391F0 /* Frameworks */,
				491440791BB65F9300E391F0 /* Resources */,
			);
			buildRules = (
			);
			dependencies = (
			);
			name = Conflux;
			productName = Conflux;
			productReference = 4914407B1BB65F9300E391F0 /* Conflux.app */;
			productType = "com.apple.product-type.application";
		};
		491440931BB65F9300E391F0 /* ConfluxTests */ = {
			isa = PBXNativeTarget;
			buildConfigurationList = 491440A11BB65F9300E391F0 /* Build configuration list for PBXNativeTarget "ConfluxTests" */;
			buildPhases = (
				491440901BB65F9300E391F0 /* Sources */,
				491440911BB65F9300E391F0 /* Frameworks */,
				491440921BB65F9300E391F0 /* Resources */,
			);
			buildRules = (
			);
			dependencies = (
				491440961BB65F9300E391F0 /* PBXTargetDependency */,
			);
			name = ConfluxTests;
			productName = ConfluxTests;
			productReference = 491440941BB65F9300E391F0 /* ConfluxTests.xctest */;
			productType = "com.apple.product-type.bundle.unit-test";
		};
/* End PBXNativeTarget section */

/* Begin PBXProject section */
		491440731BB65F9300E391F0 /* Project object */ = {
			isa = PBXProject;
			attributes = {
				LastUpgradeCheck = 0640;
				ORGANIZATIONNAME = "Jessy Lin";
				TargetAttributes = {
					4914407A1BB65F9300E391F0 = {
						CreatedOnToolsVersion = 6.4;
					};
					491440931BB65F9300E391F0 = {
						CreatedOnToolsVersion = 6.4;
						TestTargetID = 4914407A1BB65F9300E391F0;
					};
				};
			};
			buildConfigurationList = 491440761BB65F9300E391F0 /* Build configuration list for PBXProject "Conflux" */;
			compatibilityVersion = "Xcode 3.2";
			developmentRegion = English;
			hasScannedForEncodings = 0;
			knownRegions = (
				en,
				Base,
			);
			mainGroup = 491440721BB65F9300E391F0;
			productRefGroup = 4914407C1BB65F9300E391F0 /* Products */;
			projectDirPath = "";
			projectRoot = "";
			targets = (
				4914407A1BB65F9300E391F0 /* Conflux */,
				491440931BB65F9300E391F0 /* ConfluxTests */,
			);
		};
/* End PBXProject section */

/* Begin PBXResourcesBuildPhase section */
		491440791BB65F9300E391F0 /* Resources */ = {
			isa = PBXResourcesBuildPhase;
			buildActionMask = 2147483647;
			files = (
				4914408A1BB65F9300E391F0 /* Main.storyboard in Resources */,
				4914408F1BB65F9300E391F0 /* LaunchScreen.xib in Resources */,
				4914408C1BB65F9300E391F0 /* Images.xcassets in Resources */,
			);
			runOnlyForDeploymentPostprocessing = 0;
		};
		491440921BB65F9300E391F0 /* Resources */ = {
			isa = PBXResourcesBuildPhase;
			buildActionMask = 2147483647;
			files = (
			);
			runOnlyForDeploymentPostprocessing = 0;
		};
/* End PBXResourcesBuildPhase section */

/* Begin PBXSourcesBuildPhase section */
		491440771BB65F9300E391F0 /* Sources */ = {
			isa = PBXSourcesBuildPhase;
			buildActionMask = 2147483647;
			files = (
				491440831BB65F9300E391F0 /* RootViewController.swift in Sources */,
				491440871BB65F9300E391F0 /* ModelController.swift in Sources */,
				491440851BB65F9300E391F0 /* DataViewController.swift in Sources */,
				491440811BB65F9300E391F0 /* AppDelegate.swift in Sources */,
			);
			runOnlyForDeploymentPostprocessing = 0;
		};
		491440901BB65F9300E391F0 /* Sources */ = {
			isa = PBXSourcesBuildPhase;
			buildActionMask = 2147483647;
			files = (
				4914409B1BB65F9300E391F0 /* ConfluxTests.swift in Sources */,
			);
			runOnlyForDeploymentPostprocessing = 0;
		};
/* End PBXSourcesBuildPhase section */

/* Begin PBXTargetDependency section */
		491440961BB65F9300E391F0 /* PBXTargetDependency */ = {
			isa = PBXTargetDependency;
			target = 4914407A1BB65F9300E391F0 /* Conflux */;
			targetProxy = 491440951BB65F9300E391F0 /* PBXContainerItemProxy */;
		};
/* End PBXTargetDependency section */

/* Begin PBXVariantGroup section */
		491440881BB65F9300E391F0 /* Main.storyboard */ = {
			isa = PBXVariantGroup;
			children = (
				491440891BB65F9300E391F0 /* Base */,
			);
			name = Main.storyboard;
			sourceTree = "<group>";
		};
		4914408D1BB65F9300E391F0 /* LaunchScreen.xib */ = {
			isa = PBXVariantGroup;
			children = (
				4914408E1BB65F9300E391F0 /* Base */,
			);
			name = LaunchScreen.xib;
			sourceTree = "<group>";
		};
/* End PBXVariantGroup section */

/* Begin XCBuildConfiguration section */
		4914409C1BB65F9300E391F0 /* Debug */ = {
			isa = XCBuildConfiguration;
			buildSettings = {
				ALWAYS_SEARCH_USER_PATHS = NO;
				CLANG_CXX_LANGUAGE_STANDARD = "gnu++0x";
				CLANG_CXX_LIBRARY = "libc++";
				CLANG_ENABLE_MODULES = YES;
				CLANG_ENABLE_OBJC_ARC = YES;
				CLANG_WARN_BOOL_CONVERSION = YES;
				CLANG_WARN_CONSTANT_CONVERSION = YES;
				CLANG_WARN_DIRECT_OBJC_ISA_USAGE = YES_ERROR;
				CLANG_WARN_EMPTY_BODY = YES;
				CLANG_WARN_ENUM_CONVERSION = YES;
				CLANG_WARN_INT_CONVERSION = YES;
				CLANG_WARN_OBJC_ROOT_CLASS = YES_ERROR;
				CLANG_WARN_UNREACHABLE_CODE = YES;
				CLANG_WARN__DUPLICATE_METHOD_MATCH = YES;
				"CODE_SIGN_IDENTITY[sdk=iphoneos*]" = "iPhone Developer";
				COPY_PHASE_STRIP = NO;
				DEBUG_INFORMATION_FORMAT = "dwarf-with-dsym";
				ENABLE_STRICT_OBJC_MSGSEND = YES;
				GCC_C_LANGUAGE_STANDARD = gnu99;
				GCC_DYNAMIC_NO_PIC = NO;
				GCC_NO_COMMON_BLOCKS = YES;
				GCC_OPTIMIZATION_LEVEL = 0;
				GCC_PREPROCESSOR_DEFINITIONS = (
					"DEBUG=1",
					"$(inherited)",
				);
				GCC_SYMBOLS_PRIVATE_EXTERN = NO;
				GCC_WARN_64_TO_32_BIT_CONVERSION = YES;
				GCC_WARN_ABOUT_RETURN_TYPE = YES_ERROR;
				GCC_WARN_UNDECLARED_SELECTOR = YES;
				GCC_WARN_UNINITIALIZED_AUTOS = YES_AGGRESSIVE;
				GCC_WARN_UNUSED_FUNCTION = YES;
				GCC_WARN_UNUSED_VARIABLE = YES;
				IPHONEOS_DEPLOYMENT_TARGET = 8.4;
				MTL_ENABLE_DEBUG_INFO = YES;
				ONLY_ACTIVE_ARCH = YES;
				SDKROOT = iphoneos;
				SWIFT_OPTIMIZATION_LEVEL = "-Onone";
				TARGETED_DEVICE_FAMILY = "1,2";
			};
			name = Debug;
		};
		4914409D1BB65F9300E391F0 /* Release */ = {
			isa = XCBuildConfiguration;
			buildSettings = {
				ALWAYS_SEARCH_USER_PATHS = NO;
				CLANG_CXX_LANGUAGE_STANDARD = "gnu++0x";
				CLANG_CXX_LIBRARY = "libc++";
				CLANG_ENABLE_MODULES = YES;
				CLANG_ENABLE_OBJC_ARC = YES;
				CLANG_WARN_BOOL_CONVERSION = YES;
				CLANG_WARN_CONSTANT_CONVERSION = YES;
				CLANG_WARN_DIRECT_OBJC_ISA_USAGE = YES_ERROR;
				CLANG_WARN_EMPTY_BODY = YES;
				CLANG_WARN_ENUM_CONVERSION = YES;
				CLANG_WARN_INT_CONVERSION = YES;
				CLANG_WARN_OBJC_ROOT_CLASS = YES_ERROR;
				CLANG_WARN_UNREACHABLE_CODE = YES;
				CLANG_WARN__DUPLICATE_METHOD_MATCH = YES;
				"CODE_SIGN_IDENTITY[sdk=iphoneos*]" = "iPhone Developer";
				COPY_PHASE_STRIP = NO;
				DEBUG_INFORMATION_FORMAT = "dwarf-with-dsym";
				ENABLE_NS_ASSERTIONS = NO;
				ENABLE_STRICT_OBJC_MSGSEND = YES;
				GCC_C_LANGUAGE_STANDARD = gnu99;
				GCC_NO_COMMON_BLOCKS = YES;
				GCC_WARN_64_TO_32_BIT_CONVERSION = YES;
				GCC_WARN_ABOUT_RETURN_TYPE = YES_ERROR;
				GCC_WARN_UNDECLARED_SELECTOR = YES;
				GCC_WARN_UNINITIALIZED_AUTOS = YES_AGGRESSIVE;
				GCC_WARN_UNUSED_FUNCTION = YES;
				GCC_WARN_UNUSED_VARIABLE = YES;
				IPHONEOS_DEPLOYMENT_TARGET = 8.4;
				MTL_ENABLE_DEBUG_INFO = NO;
				SDKROOT = iphoneos;
				TARGETED_DEVICE_FAMILY = "1,2";
				VALIDATE_PRODUCT = YES;
			};
			name = Release;
		};
		4914409F1BB65F9300E391F0 /* Debug */ = {
			isa = XCBuildConfiguration;
			buildSettings = {
				ASSETCATALOG_COMPILER_APPICON_NAME = AppIcon;
				INFOPLIST_FILE = Conflux/Info.plist;
				LD_RUNPATH_SEARCH_PATHS = "$(inherited) @executable_path/Frameworks";
				PRODUCT_NAME = "$(TARGET_NAME)";
			};
			name = Debug;
		};
		491440A01BB65F9300E391F0 /* Release */ = {
			isa = XCBuildConfiguration;
			buildSettings = {
				ASSETCATALOG_COMPILER_APPICON_NAME = AppIcon;
				INFOPLIST_FILE = Conflux/Info.plist;
				LD_RUNPATH_SEARCH_PATHS = "$(inherited) @executable_path/Frameworks";
				PRODUCT_NAME = "$(TARGET_NAME)";
			};
			name = Release;
		};
		491440A21BB65F9300E391F0 /* Debug */ = {
			isa = XCBuildConfiguration;
			buildSettings = {
				BUNDLE_LOADER = "$(TEST_HOST)";
				FRAMEWORK_SEARCH_PATHS = (
					"$(SDKROOT)/Developer/Library/Frameworks",
					"$(inherited)",
				);
				GCC_PREPROCESSOR_DEFINITIONS = (
					"DEBUG=1",
					"$(inherited)",
				);
				INFOPLIST_FILE = ConfluxTests/Info.plist;
				LD_RUNPATH_SEARCH_PATHS = "$(inherited) @executable_path/Frameworks @loader_path/Frameworks";
				PRODUCT_NAME = "$(TARGET_NAME)";
				TEST_HOST = "$(BUILT_PRODUCTS_DIR)/Conflux.app/Conflux";
			};
			name = Debug;
		};
		491440A31BB65F9300E391F0 /* Release */ = {
			isa = XCBuildConfiguration;
			buildSettings = {
				BUNDLE_LOADER = "$(TEST_HOST)";
				FRAMEWORK_SEARCH_PATHS = (
					"$(SDKROOT)/Developer/Library/Frameworks",
					"$(inherited)",
				);
				INFOPLIST_FILE = ConfluxTests/Info.plist;
				LD_RUNPATH_SEARCH_PATHS = "$(inherited) @executable_path/Frameworks @loader_path/Frameworks";
				PRODUCT_NAME = "$(TARGET_NAME)";
				TEST_HOST = "$(BUILT_PRODUCTS_DIR)/Conflux.app/Conflux";
			};
			name = Release;
		};
/* End XCBuildConfiguration section */

/* Begin XCConfigurationList section */
		491440761BB65F9300E391F0 /* Build configuration list for PBXProject "Conflux" */ = {
			isa = XCConfigurationList;
			buildConfigurations = (
				4914409C1BB65F9300E391F0 /* Debug */,
				4914409D1BB65F9300E391F0 /* Release */,
			);
			defaultConfigurationIsVisible = 0;
			defaultConfigurationName = Release;
		};
		4914409E1BB65F9300E391F0 /* Build configuration list for PBXNativeTarget "Conflux" */ = {
			isa = XCConfigurationList;
			buildConfigurations = (
				4914409F1BB65F9300E391F0 /* Debug */,
				491440A01BB65F9300E391F0 /* Release */,
			);
			defaultConfigurationIsVisible = 0;
		};
		491440A11BB65F9300E391F0 /* Build configuration list for PBXNativeTarget "ConfluxTests" */ = {
			isa = XCConfigurationList;
			buildConfigurations = (
				491440A21BB65F9300E391F0 /* Debug */,
				491440A31BB65F9300E391F0 /* Release */,
			);
			defaultConfigurationIsVisible = 0;
		};
/* End XCConfigurationList section */
	};
	rootObject = 491440731BB65F9300E391F0 /* Project object */;
}
